// !$*UTF8*$!
{
	archiveVersion = 1;
	classes = {
	};
	objectVersion = 56;
	objects = {

/* Begin PBXBuildFile section */
		3808775D29C8C3ED007C60F8 /* AppDelegate.swift in Sources */ = {isa = PBXBuildFile; fileRef = 3808775C29C8C3ED007C60F8 /* AppDelegate.swift */; };
		3808775F29C8C3ED007C60F8 /* SceneDelegate.swift in Sources */ = {isa = PBXBuildFile; fileRef = 3808775E29C8C3ED007C60F8 /* SceneDelegate.swift */; };
		3808776129C8C3ED007C60F8 /* LoginVC.swift in Sources */ = {isa = PBXBuildFile; fileRef = 3808776029C8C3ED007C60F8 /* LoginVC.swift */; };
		3808776629C8C3EE007C60F8 /* Assets.xcassets in Resources */ = {isa = PBXBuildFile; fileRef = 3808776529C8C3EE007C60F8 /* Assets.xcassets */; };
		3808776929C8C3EE007C60F8 /* LaunchScreen.storyboard in Resources */ = {isa = PBXBuildFile; fileRef = 3808776729C8C3EE007C60F8 /* LaunchScreen.storyboard */; };
		3808777329C8C549007C60F8 /* LoginScreen.swift in Sources */ = {isa = PBXBuildFile; fileRef = 3808777229C8C549007C60F8 /* LoginScreen.swift */; };
		380AEF5F29EDDA00009EEA58 /* String+Extension.swift in Sources */ = {isa = PBXBuildFile; fileRef = 380AEF5E29EDDA00009EEA58 /* String+Extension.swift */; };
		380C90ADFBFC54AC26A95A8B /* Pods_appNFT.framework in Frameworks */ = {isa = PBXBuildFile; fileRef = 395A4814039328AD116E04BF /* Pods_appNFT.framework */; };
		3832F5A029F0835900A8AA18 /* Alert.swift in Sources */ = {isa = PBXBuildFile; fileRef = 3832F59F29F0835900A8AA18 /* Alert.swift */; };
		3832F5A329F089CB00A8AA18 /* TabBarVC.swift in Sources */ = {isa = PBXBuildFile; fileRef = 3832F5A229F089CB00A8AA18 /* TabBarVC.swift */; };
		3832F5A729F08AB300A8AA18 /* HomeVC.swift in Sources */ = {isa = PBXBuildFile; fileRef = 3832F5A629F08AB300A8AA18 /* HomeVC.swift */; };
		3855B48629E788F700CA6768 /* UIViewController+Extension.swift in Sources */ = {isa = PBXBuildFile; fileRef = 3855B48529E788F700CA6768 /* UIViewController+Extension.swift */; };
		38A25BB429E78278006E3D7F /* GoogleService-Info.plist in Resources */ = {isa = PBXBuildFile; fileRef = 38A25BB329E78278006E3D7F /* GoogleService-Info.plist */; };
/* End PBXBuildFile section */

/* Begin PBXFileReference section */
		3808775929C8C3ED007C60F8 /* appNFT.app */ = {isa = PBXFileReference; explicitFileType = wrapper.application; includeInIndex = 0; path = appNFT.app; sourceTree = BUILT_PRODUCTS_DIR; };
		3808775C29C8C3ED007C60F8 /* AppDelegate.swift */ = {isa = PBXFileReference; lastKnownFileType = sourcecode.swift; path = AppDelegate.swift; sourceTree = "<group>"; };
		3808775E29C8C3ED007C60F8 /* SceneDelegate.swift */ = {isa = PBXFileReference; lastKnownFileType = sourcecode.swift; path = SceneDelegate.swift; sourceTree = "<group>"; };
		3808776029C8C3ED007C60F8 /* LoginVC.swift */ = {isa = PBXFileReference; lastKnownFileType = sourcecode.swift; path = LoginVC.swift; sourceTree = "<group>"; };
		3808776529C8C3EE007C60F8 /* Assets.xcassets */ = {isa = PBXFileReference; lastKnownFileType = folder.assetcatalog; path = Assets.xcassets; sourceTree = "<group>"; };
		3808776829C8C3EE007C60F8 /* Base */ = {isa = PBXFileReference; lastKnownFileType = file.storyboard; name = Base; path = Base.lproj/LaunchScreen.storyboard; sourceTree = "<group>"; };
		3808776A29C8C3EE007C60F8 /* Info.plist */ = {isa = PBXFileReference; lastKnownFileType = text.plist.xml; path = Info.plist; sourceTree = "<group>"; };
		3808777229C8C549007C60F8 /* LoginScreen.swift */ = {isa = PBXFileReference; lastKnownFileType = sourcecode.swift; path = LoginScreen.swift; sourceTree = "<group>"; };
		380AEF5E29EDDA00009EEA58 /* String+Extension.swift */ = {isa = PBXFileReference; lastKnownFileType = sourcecode.swift; path = "String+Extension.swift"; sourceTree = "<group>"; };
		3832F59F29F0835900A8AA18 /* Alert.swift */ = {isa = PBXFileReference; lastKnownFileType = sourcecode.swift; path = Alert.swift; sourceTree = "<group>"; };
		3832F5A229F089CB00A8AA18 /* TabBarVC.swift */ = {isa = PBXFileReference; lastKnownFileType = sourcecode.swift; path = TabBarVC.swift; sourceTree = "<group>"; };
		3832F5A629F08AB300A8AA18 /* HomeVC.swift */ = {isa = PBXFileReference; lastKnownFileType = sourcecode.swift; path = HomeVC.swift; sourceTree = "<group>"; };
		3855B48529E788F700CA6768 /* UIViewController+Extension.swift */ = {isa = PBXFileReference; lastKnownFileType = sourcecode.swift; path = "UIViewController+Extension.swift"; sourceTree = "<group>"; };
		38A25BB329E78278006E3D7F /* GoogleService-Info.plist */ = {isa = PBXFileReference; fileEncoding = 4; lastKnownFileType = text.plist.xml; path = "GoogleService-Info.plist"; sourceTree = "<group>"; };
		395A4814039328AD116E04BF /* Pods_appNFT.framework */ = {isa = PBXFileReference; explicitFileType = wrapper.framework; includeInIndex = 0; path = Pods_appNFT.framework; sourceTree = BUILT_PRODUCTS_DIR; };
		D33EFDB601331DB8E99236D1 /* Pods-appNFT.debug.xcconfig */ = {isa = PBXFileReference; includeInIndex = 1; lastKnownFileType = text.xcconfig; name = "Pods-appNFT.debug.xcconfig"; path = "Target Support Files/Pods-appNFT/Pods-appNFT.debug.xcconfig"; sourceTree = "<group>"; };
		EDCFF4026630A3CF8191F858 /* Pods-appNFT.release.xcconfig */ = {isa = PBXFileReference; includeInIndex = 1; lastKnownFileType = text.xcconfig; name = "Pods-appNFT.release.xcconfig"; path = "Target Support Files/Pods-appNFT/Pods-appNFT.release.xcconfig"; sourceTree = "<group>"; };
/* End PBXFileReference section */

/* Begin PBXFrameworksBuildPhase section */
		3808775629C8C3ED007C60F8 /* Frameworks */ = {
			isa = PBXFrameworksBuildPhase;
			buildActionMask = 2147483647;
			files = (
				380C90ADFBFC54AC26A95A8B /* Pods_appNFT.framework in Frameworks */,
			);
			runOnlyForDeploymentPostprocessing = 0;
		};
/* End PBXFrameworksBuildPhase section */

/* Begin PBXGroup section */
		35B2CD0BCD2A5CDC9C7D92C5 /* Pods */ = {
			isa = PBXGroup;
			children = (
				D33EFDB601331DB8E99236D1 /* Pods-appNFT.debug.xcconfig */,
				EDCFF4026630A3CF8191F858 /* Pods-appNFT.release.xcconfig */,
			);
			path = Pods;
			sourceTree = "<group>";
		};
		3808775029C8C3ED007C60F8 = {
			isa = PBXGroup;
			children = (
				3808775B29C8C3ED007C60F8 /* appNFT */,
				3808775A29C8C3ED007C60F8 /* Products */,
				35B2CD0BCD2A5CDC9C7D92C5 /* Pods */,
				B4C200E151504B5D5CCF2456 /* Frameworks */,
			);
			sourceTree = "<group>";
		};
		3808775A29C8C3ED007C60F8 /* Products */ = {
			isa = PBXGroup;
			children = (
				3808775929C8C3ED007C60F8 /* appNFT.app */,
			);
			name = Products;
			sourceTree = "<group>";
		};
		3808775B29C8C3ED007C60F8 /* appNFT */ = {
			isa = PBXGroup;
			children = (
				3808775C29C8C3ED007C60F8 /* AppDelegate.swift */,
				3808775E29C8C3ED007C60F8 /* SceneDelegate.swift */,
				3808777029C8C4DE007C60F8 /* src  */,
				3808776529C8C3EE007C60F8 /* Assets.xcassets */,
				3808776729C8C3EE007C60F8 /* LaunchScreen.storyboard */,
				3808776A29C8C3EE007C60F8 /* Info.plist */,
				38A25BB329E78278006E3D7F /* GoogleService-Info.plist */,
			);
			path = appNFT;
			sourceTree = "<group>";
		};
		3808777029C8C4DE007C60F8 /* src  */ = {
			isa = PBXGroup;
			children = (
				3855B48329E788CA00CA6768 /* Utils */,
				3832F59E29F0834400A8AA18 /* Alert */,
				3832F5A429F08A0A00A8AA18 /* Feature */,
				3832F5A129F0898400A8AA18 /* TabbarController */,
			);
			path = "src ";
			sourceTree = "<group>";
		};
		3808777129C8C52E007C60F8 /* Login */ = {
			isa = PBXGroup;
			children = (
				3808776029C8C3ED007C60F8 /* LoginVC.swift */,
				3808777229C8C549007C60F8 /* LoginScreen.swift */,
			);
			path = Login;
			sourceTree = "<group>";
		};
		3832F59E29F0834400A8AA18 /* Alert */ = {
			isa = PBXGroup;
			children = (
				3832F59F29F0835900A8AA18 /* Alert.swift */,
			);
			path = Alert;
			sourceTree = "<group>";
		};
		3832F5A129F0898400A8AA18 /* TabbarController */ = {
			isa = PBXGroup;
			children = (
				3832F5A229F089CB00A8AA18 /* TabBarVC.swift */,
			);
			path = TabbarController;
			sourceTree = "<group>";
		};
		3832F5A429F08A0A00A8AA18 /* Feature */ = {
			isa = PBXGroup;
			children = (
				3832F5A529F08A4600A8AA18 /* Home */,
				3808777129C8C52E007C60F8 /* Login */,
			);
			path = Feature;
			sourceTree = "<group>";
		};
		3832F5A529F08A4600A8AA18 /* Home */ = {
			isa = PBXGroup;
			children = (
				3832F5A629F08AB300A8AA18 /* HomeVC.swift */,
			);
			path = Home;
			sourceTree = "<group>";
		};
		3855B48329E788CA00CA6768 /* Utils */ = {
			isa = PBXGroup;
			children = (
				3855B48429E788CF00CA6768 /* Extension */,
			);
			path = Utils;
			sourceTree = "<group>";
		};
		3855B48429E788CF00CA6768 /* Extension */ = {
			isa = PBXGroup;
			children = (
				3855B48529E788F700CA6768 /* UIViewController+Extension.swift */,
				380AEF5E29EDDA00009EEA58 /* String+Extension.swift */,
			);
			path = Extension;
			sourceTree = "<group>";
		};
		B4C200E151504B5D5CCF2456 /* Frameworks */ = {
			isa = PBXGroup;
			children = (
				395A4814039328AD116E04BF /* Pods_appNFT.framework */,
			);
			name = Frameworks;
			sourceTree = "<group>";
		};
/* End PBXGroup section */

/* Begin PBXNativeTarget section */
		3808775829C8C3ED007C60F8 /* appNFT */ = {
			isa = PBXNativeTarget;
			buildConfigurationList = 3808776D29C8C3EE007C60F8 /* Build configuration list for PBXNativeTarget "appNFT" */;
			buildPhases = (
				617CCBCD79EBF88B3B3A524E /* [CP] Check Pods Manifest.lock */,
				3808775529C8C3ED007C60F8 /* Sources */,
				3808775629C8C3ED007C60F8 /* Frameworks */,
				3808775729C8C3ED007C60F8 /* Resources */,
				84E6A3AB653BCF408C092EE6 /* [CP] Embed Pods Frameworks */,
			);
			buildRules = (
			);
			dependencies = (
			);
			name = appNFT;
			productName = appNFT;
			productReference = 3808775929C8C3ED007C60F8 /* appNFT.app */;
			productType = "com.apple.product-type.application";
		};
/* End PBXNativeTarget section */

/* Begin PBXProject section */
		3808775129C8C3ED007C60F8 /* Project object */ = {
			isa = PBXProject;
			attributes = {
				BuildIndependentTargetsInParallel = 1;
				LastSwiftUpdateCheck = 1420;
				LastUpgradeCheck = 1420;
				TargetAttributes = {
					3808775829C8C3ED007C60F8 = {
						CreatedOnToolsVersion = 14.2;
					};
				};
			};
			buildConfigurationList = 3808775429C8C3ED007C60F8 /* Build configuration list for PBXProject "appNFT" */;
			compatibilityVersion = "Xcode 14.0";
			developmentRegion = en;
			hasScannedForEncodings = 0;
			knownRegions = (
				en,
				Base,
			);
			mainGroup = 3808775029C8C3ED007C60F8;
			productRefGroup = 3808775A29C8C3ED007C60F8 /* Products */;
			projectDirPath = "";
			projectRoot = "";
			targets = (
				3808775829C8C3ED007C60F8 /* appNFT */,
			);
		};
/* End PBXProject section */

/* Begin PBXResourcesBuildPhase section */
		3808775729C8C3ED007C60F8 /* Resources */ = {
			isa = PBXResourcesBuildPhase;
			buildActionMask = 2147483647;
			files = (
				3808776929C8C3EE007C60F8 /* LaunchScreen.storyboard in Resources */,
				3808776629C8C3EE007C60F8 /* Assets.xcassets in Resources */,
				38A25BB429E78278006E3D7F /* GoogleService-Info.plist in Resources */,
			);
			runOnlyForDeploymentPostprocessing = 0;
		};
/* End PBXResourcesBuildPhase section */

/* Begin PBXShellScriptBuildPhase section */
		617CCBCD79EBF88B3B3A524E /* [CP] Check Pods Manifest.lock */ = {
			isa = PBXShellScriptBuildPhase;
			buildActionMask = 2147483647;
			files = (
			);
			inputFileListPaths = (
			);
			inputPaths = (
				"${PODS_PODFILE_DIR_PATH}/Podfile.lock",
				"${PODS_ROOT}/Manifest.lock",
			);
			name = "[CP] Check Pods Manifest.lock";
			outputFileListPaths = (
			);
			outputPaths = (
				"$(DERIVED_FILE_DIR)/Pods-appNFT-checkManifestLockResult.txt",
			);
			runOnlyForDeploymentPostprocessing = 0;
			shellPath = /bin/sh;
			shellScript = "diff \"${PODS_PODFILE_DIR_PATH}/Podfile.lock\" \"${PODS_ROOT}/Manifest.lock\" > /dev/null\nif [ $? != 0 ] ; then\n    # print error to STDERR\n    echo \"error: The sandbox is not in sync with the Podfile.lock. Run 'pod install' or update your CocoaPods installation.\" >&2\n    exit 1\nfi\n# This output is used by Xcode 'outputs' to avoid re-running this script phase.\necho \"SUCCESS\" > \"${SCRIPT_OUTPUT_FILE_0}\"\n";
			showEnvVarsInLog = 0;
		};
		84E6A3AB653BCF408C092EE6 /* [CP] Embed Pods Frameworks */ = {
			isa = PBXShellScriptBuildPhase;
			buildActionMask = 2147483647;
			files = (
			);
			inputFileListPaths = (
				"${PODS_ROOT}/Target Support Files/Pods-appNFT/Pods-appNFT-frameworks-${CONFIGURATION}-input-files.xcfilelist",
			);
			name = "[CP] Embed Pods Frameworks";
			outputFileListPaths = (
				"${PODS_ROOT}/Target Support Files/Pods-appNFT/Pods-appNFT-frameworks-${CONFIGURATION}-output-files.xcfilelist",
			);
			runOnlyForDeploymentPostprocessing = 0;
			shellPath = /bin/sh;
			shellScript = "\"${PODS_ROOT}/Target Support Files/Pods-appNFT/Pods-appNFT-frameworks.sh\"\n";
			showEnvVarsInLog = 0;
		};
/* End PBXShellScriptBuildPhase section */

/* Begin PBXSourcesBuildPhase section */
		3808775529C8C3ED007C60F8 /* Sources */ = {
			isa = PBXSourcesBuildPhase;
			buildActionMask = 2147483647;
			files = (
				3808777329C8C549007C60F8 /* LoginScreen.swift in Sources */,
				3808776129C8C3ED007C60F8 /* LoginVC.swift in Sources */,
				3808775D29C8C3ED007C60F8 /* AppDelegate.swift in Sources */,
				3832F5A729F08AB300A8AA18 /* HomeVC.swift in Sources */,
				3855B48629E788F700CA6768 /* UIViewController+Extension.swift in Sources */,
				380AEF5F29EDDA00009EEA58 /* String+Extension.swift in Sources */,
				3808775F29C8C3ED007C60F8 /* SceneDelegate.swift in Sources */,
				3832F5A329F089CB00A8AA18 /* TabBarVC.swift in Sources */,
				3832F5A029F0835900A8AA18 /* Alert.swift in Sources */,
			);
			runOnlyForDeploymentPostprocessing = 0;
		};
/* End PBXSourcesBuildPhase section */

/* Begin PBXVariantGroup section */
		3808776729C8C3EE007C60F8 /* LaunchScreen.storyboard */ = {
			isa = PBXVariantGroup;
			children = (
				3808776829C8C3EE007C60F8 /* Base */,
			);
			name = LaunchScreen.storyboard;
			sourceTree = "<group>";
		};
/* End PBXVariantGroup section */

/* Begin XCBuildConfiguration section */
		3808776B29C8C3EE007C60F8 /* Debug */ = {
			isa = XCBuildConfiguration;
			buildSettings = {
				ALWAYS_SEARCH_USER_PATHS = NO;
				CLANG_ANALYZER_NONNULL = YES;
				CLANG_ANALYZER_NUMBER_OBJECT_CONVERSION = YES_AGGRESSIVE;
				CLANG_CXX_LANGUAGE_STANDARD = "gnu++20";
				CLANG_ENABLE_MODULES = YES;
				CLANG_ENABLE_OBJC_ARC = YES;
				CLANG_ENABLE_OBJC_WEAK = YES;
				CLANG_WARN_BLOCK_CAPTURE_AUTORELEASING = YES;
				CLANG_WARN_BOOL_CONVERSION = YES;
				CLANG_WARN_COMMA = YES;
				CLANG_WARN_CONSTANT_CONVERSION = YES;
				CLANG_WARN_DEPRECATED_OBJC_IMPLEMENTATIONS = YES;
				CLANG_WARN_DIRECT_OBJC_ISA_USAGE = YES_ERROR;
				CLANG_WARN_DOCUMENTATION_COMMENTS = YES;
				CLANG_WARN_EMPTY_BODY = YES;
				CLANG_WARN_ENUM_CONVERSION = YES;
				CLANG_WARN_INFINITE_RECURSION = YES;
				CLANG_WARN_INT_CONVERSION = YES;
				CLANG_WARN_NON_LITERAL_NULL_CONVERSION = YES;
				CLANG_WARN_OBJC_IMPLICIT_RETAIN_SELF = YES;
				CLANG_WARN_OBJC_LITERAL_CONVERSION = YES;
				CLANG_WARN_OBJC_ROOT_CLASS = YES_ERROR;
				CLANG_WARN_QUOTED_INCLUDE_IN_FRAMEWORK_HEADER = YES;
				CLANG_WARN_RANGE_LOOP_ANALYSIS = YES;
				CLANG_WARN_STRICT_PROTOTYPES = YES;
				CLANG_WARN_SUSPICIOUS_MOVE = YES;
				CLANG_WARN_UNGUARDED_AVAILABILITY = YES_AGGRESSIVE;
				CLANG_WARN_UNREACHABLE_CODE = YES;
				CLANG_WARN__DUPLICATE_METHOD_MATCH = YES;
				COPY_PHASE_STRIP = NO;
				DEBUG_INFORMATION_FORMAT = dwarf;
				ENABLE_STRICT_OBJC_MSGSEND = YES;
				ENABLE_TESTABILITY = YES;
				GCC_C_LANGUAGE_STANDARD = gnu11;
				GCC_DYNAMIC_NO_PIC = NO;
				GCC_NO_COMMON_BLOCKS = YES;
				GCC_OPTIMIZATION_LEVEL = 0;
				GCC_PREPROCESSOR_DEFINITIONS = (
					"DEBUG=1",
					"$(inherited)",
				);
				GCC_WARN_64_TO_32_BIT_CONVERSION = YES;
				GCC_WARN_ABOUT_RETURN_TYPE = YES_ERROR;
				GCC_WARN_UNDECLARED_SELECTOR = YES;
				GCC_WARN_UNINITIALIZED_AUTOS = YES_AGGRESSIVE;
				GCC_WARN_UNUSED_FUNCTION = YES;
				GCC_WARN_UNUSED_VARIABLE = YES;
				IPHONEOS_DEPLOYMENT_TARGET = 16.2;
				MTL_ENABLE_DEBUG_INFO = INCLUDE_SOURCE;
				MTL_FAST_MATH = YES;
				ONLY_ACTIVE_ARCH = YES;
				SDKROOT = iphoneos;
				SWIFT_ACTIVE_COMPILATION_CONDITIONS = DEBUG;
				SWIFT_OPTIMIZATION_LEVEL = "-Onone";
			};
			name = Debug;
		};
		3808776C29C8C3EE007C60F8 /* Release */ = {
			isa = XCBuildConfiguration;
			buildSettings = {
				ALWAYS_SEARCH_USER_PATHS = NO;
				CLANG_ANALYZER_NONNULL = YES;
				CLANG_ANALYZER_NUMBER_OBJECT_CONVERSION = YES_AGGRESSIVE;
				CLANG_CXX_LANGUAGE_STANDARD = "gnu++20";
				CLANG_ENABLE_MODULES = YES;
				CLANG_ENABLE_OBJC_ARC = YES;
				CLANG_ENABLE_OBJC_WEAK = YES;
				CLANG_WARN_BLOCK_CAPTURE_AUTORELEASING = YES;
				CLANG_WARN_BOOL_CONVERSION = YES;
				CLANG_WARN_COMMA = YES;
				CLANG_WARN_CONSTANT_CONVERSION = YES;
				CLANG_WARN_DEPRECATED_OBJC_IMPLEMENTATIONS = YES;
				CLANG_WARN_DIRECT_OBJC_ISA_USAGE = YES_ERROR;
				CLANG_WARN_DOCUMENTATION_COMMENTS = YES;
				CLANG_WARN_EMPTY_BODY = YES;
				CLANG_WARN_ENUM_CONVERSION = YES;
				CLANG_WARN_INFINITE_RECURSION = YES;
				CLANG_WARN_INT_CONVERSION = YES;
				CLANG_WARN_NON_LITERAL_NULL_CONVERSION = YES;
				CLANG_WARN_OBJC_IMPLICIT_RETAIN_SELF = YES;
				CLANG_WARN_OBJC_LITERAL_CONVERSION = YES;
				CLANG_WARN_OBJC_ROOT_CLASS = YES_ERROR;
				CLANG_WARN_QUOTED_INCLUDE_IN_FRAMEWORK_HEADER = YES;
				CLANG_WARN_RANGE_LOOP_ANALYSIS = YES;
				CLANG_WARN_STRICT_PROTOTYPES = YES;
				CLANG_WARN_SUSPICIOUS_MOVE = YES;
				CLANG_WARN_UNGUARDED_AVAILABILITY = YES_AGGRESSIVE;
				CLANG_WARN_UNREACHABLE_CODE = YES;
				CLANG_WARN__DUPLICATE_METHOD_MATCH = YES;
				COPY_PHASE_STRIP = NO;
				DEBUG_INFORMATION_FORMAT = "dwarf-with-dsym";
				ENABLE_NS_ASSERTIONS = NO;
				ENABLE_STRICT_OBJC_MSGSEND = YES;
				GCC_C_LANGUAGE_STANDARD = gnu11;
				GCC_NO_COMMON_BLOCKS = YES;
				GCC_WARN_64_TO_32_BIT_CONVERSION = YES;
				GCC_WARN_ABOUT_RETURN_TYPE = YES_ERROR;
				GCC_WARN_UNDECLARED_SELECTOR = YES;
				GCC_WARN_UNINITIALIZED_AUTOS = YES_AGGRESSIVE;
				GCC_WARN_UNUSED_FUNCTION = YES;
				GCC_WARN_UNUSED_VARIABLE = YES;
				IPHONEOS_DEPLOYMENT_TARGET = 16.2;
				MTL_ENABLE_DEBUG_INFO = NO;
				MTL_FAST_MATH = YES;
				SDKROOT = iphoneos;
				SWIFT_COMPILATION_MODE = wholemodule;
				SWIFT_OPTIMIZATION_LEVEL = "-O";
				VALIDATE_PRODUCT = YES;
			};
			name = Release;
		};
		3808776E29C8C3EE007C60F8 /* Debug */ = {
			isa = XCBuildConfiguration;
			baseConfigurationReference = D33EFDB601331DB8E99236D1 /* Pods-appNFT.debug.xcconfig */;
			buildSettings = {
				ASSETCATALOG_COMPILER_APPICON_NAME = AppIcon;
				ASSETCATALOG_COMPILER_GLOBAL_ACCENT_COLOR_NAME = AccentColor;
				CODE_SIGN_STYLE = Automatic;
				CURRENT_PROJECT_VERSION = 1;
				DEVELOPMENT_TEAM = B4R97N34U3;
				GENERATE_INFOPLIST_FILE = YES;
				INFOPLIST_FILE = appNFT/Info.plist;
				INFOPLIST_KEY_UIApplicationSupportsIndirectInputEvents = YES;
				INFOPLIST_KEY_UILaunchStoryboardName = LaunchScreen;
				INFOPLIST_KEY_UIMainStoryboardFile = "";
				INFOPLIST_KEY_UISupportedInterfaceOrientations_iPad = "UIInterfaceOrientationPortrait UIInterfaceOrientationPortraitUpsideDown UIInterfaceOrientationLandscapeLeft UIInterfaceOrientationLandscapeRight";
				INFOPLIST_KEY_UISupportedInterfaceOrientations_iPhone = "UIInterfaceOrientationPortrait UIInterfaceOrientationLandscapeLeft UIInterfaceOrientationLandscapeRight";
				IPHONEOS_DEPLOYMENT_TARGET = 13.0;
				LD_RUNPATH_SEARCH_PATHS = (
					"$(inherited)",
					"@executable_path/Frameworks",
				);
				MARKETING_VERSION = 1.0;
				PRODUCT_BUNDLE_IDENTIFIER = com.a1.appNFT;
				PRODUCT_NAME = "$(TARGET_NAME)";
				SUPPORTED_PLATFORMS = "iphoneos iphonesimulator";
				SUPPORTS_MACCATALYST = NO;
				SUPPORTS_MAC_DESIGNED_FOR_IPHONE_IPAD = NO;
				SWIFT_EMIT_LOC_STRINGS = YES;
				SWIFT_VERSION = 5.0;
				TARGETED_DEVICE_FAMILY = 1;
			};
			name = Debug;
		};
		3808776F29C8C3EE007C60F8 /* Release */ = {
			isa = XCBuildConfiguration;
			baseConfigurationReference = EDCFF4026630A3CF8191F858 /* Pods-appNFT.release.xcconfig */;
			buildSettings = {
				ASSETCATALOG_COMPILER_APPICON_NAME = AppIcon;
				ASSETCATALOG_COMPILER_GLOBAL_ACCENT_COLOR_NAME = AccentColor;
				CODE_SIGN_STYLE = Automatic;
				CURRENT_PROJECT_VERSION = 1;
				DEVELOPMENT_TEAM = B4R97N34U3;
				GENERATE_INFOPLIST_FILE = YES;
				INFOPLIST_FILE = appNFT/Info.plist;
				INFOPLIST_KEY_UIApplicationSupportsIndirectInputEvents = YES;
				INFOPLIST_KEY_UILaunchStoryboardName = LaunchScreen;
				INFOPLIST_KEY_UIMainStoryboardFile = "";
				INFOPLIST_KEY_UISupportedInterfaceOrientations_iPad = "UIInterfaceOrientationPortrait UIInterfaceOrientationPortraitUpsideDown UIInterfaceOrientationLandscapeLeft UIInterfaceOrientationLandscapeRight";
				INFOPLIST_KEY_UISupportedInterfaceOrientations_iPhone = "UIInterfaceOrientationPortrait UIInterfaceOrientationLandscapeLeft UIInterfaceOrientationLandscapeRight";
				IPHONEOS_DEPLOYMENT_TARGET = 13.0;
				LD_RUNPATH_SEARCH_PATHS = (
					"$(inherited)",
					"@executable_path/Frameworks",
				);
				MARKETING_VERSION = 1.0;
				PRODUCT_BUNDLE_IDENTIFIER = com.a1.appNFT;
				PRODUCT_NAME = "$(TARGET_NAME)";
				SUPPORTED_PLATFORMS = "iphoneos iphonesimulator";
				SUPPORTS_MACCATALYST = NO;
				SUPPORTS_MAC_DESIGNED_FOR_IPHONE_IPAD = NO;
				SWIFT_EMIT_LOC_STRINGS = YES;
				SWIFT_VERSION = 5.0;
				TARGETED_DEVICE_FAMILY = 1;
			};
			name = Release;
		};
/* End XCBuildConfiguration section */

/* Begin XCConfigurationList section */
		3808775429C8C3ED007C60F8 /* Build configuration list for PBXProject "appNFT" */ = {
			isa = XCConfigurationList;
			buildConfigurations = (
				3808776B29C8C3EE007C60F8 /* Debug */,
				3808776C29C8C3EE007C60F8 /* Release */,
			);
			defaultConfigurationIsVisible = 0;
			defaultConfigurationName = Release;
		};
		3808776D29C8C3EE007C60F8 /* Build configuration list for PBXNativeTarget "appNFT" */ = {
			isa = XCConfigurationList;
			buildConfigurations = (
				3808776E29C8C3EE007C60F8 /* Debug */,
				3808776F29C8C3EE007C60F8 /* Release */,
			);
			defaultConfigurationIsVisible = 0;
			defaultConfigurationName = Release;
		};
/* End XCConfigurationList section */
	};
	rootObject = 3808775129C8C3ED007C60F8 /* Project object */;
}
