// !$*UTF8*$!
{
	archiveVersion = 1;
	classes = {
	};
	objectVersion = 56;
	objects = {

/* Begin PBXBuildFile section */
		3808775D29C8C3ED007C60F8 /* AppDelegate.swift in Sources */ = {isa = PBXBuildFile; fileRef = 3808775C29C8C3ED007C60F8 /* AppDelegate.swift */; };
		3808775F29C8C3ED007C60F8 /* SceneDelegate.swift in Sources */ = {isa = PBXBuildFile; fileRef = 3808775E29C8C3ED007C60F8 /* SceneDelegate.swift */; };
		3808776129C8C3ED007C60F8 /* LoginVC.swift in Sources */ = {isa = PBXBuildFile; fileRef = 3808776029C8C3ED007C60F8 /* LoginVC.swift */; };
		3808776629C8C3EE007C60F8 /* Assets.xcassets in Resources */ = {isa = PBXBuildFile; fileRef = 3808776529C8C3EE007C60F8 /* Assets.xcassets */; };
		3808776929C8C3EE007C60F8 /* LaunchScreen.storyboard in Resources */ = {isa = PBXBuildFile; fileRef = 3808776729C8C3EE007C60F8 /* LaunchScreen.storyboard */; };
		3808777329C8C549007C60F8 /* LoginScreen.swift in Sources */ = {isa = PBXBuildFile; fileRef = 3808777229C8C549007C60F8 /* LoginScreen.swift */; };
		380AEF5F29EDDA00009EEA58 /* String+Extension.swift in Sources */ = {isa = PBXBuildFile; fileRef = 380AEF5E29EDDA00009EEA58 /* String+Extension.swift */; };
		380C90ADFBFC54AC26A95A8B /* Pods_appNFT.framework in Frameworks */ = {isa = PBXBuildFile; fileRef = 395A4814039328AD116E04BF /* Pods_appNFT.framework */; };
		380D987229FAD0CA00672C80 /* ListOffersTableViewCell.swift in Sources */ = {isa = PBXBuildFile; fileRef = 380D987129FAD0CA00672C80 /* ListOffersTableViewCell.swift */; };
		380D987629FAD12800672C80 /* ListOffersTableViewCellScreen.swift in Sources */ = {isa = PBXBuildFile; fileRef = 380D987529FAD12800672C80 /* ListOffersTableViewCellScreen.swift */; };
		380D987829FADBC300672C80 /* UIView+Extension.swift in Sources */ = {isa = PBXBuildFile; fileRef = 380D987729FADBC300672C80 /* UIView+Extension.swift */; };
		380D987A29FADF7500672C80 /* CACornerMask+Extension.swift in Sources */ = {isa = PBXBuildFile; fileRef = 380D987929FADF7500672C80 /* CACornerMask+Extension.swift */; };
		380D987D29FB00DE00672C80 /* MagnifyingGlassVC.swift in Sources */ = {isa = PBXBuildFile; fileRef = 380D987C29FB00DE00672C80 /* MagnifyingGlassVC.swift */; };
		380D988029FB00F200672C80 /* MagnifyingGlassScreen.swift in Sources */ = {isa = PBXBuildFile; fileRef = 380D987F29FB00F200672C80 /* MagnifyingGlassScreen.swift */; };
		3820718029FC614F0084F06D /* WalletVC.swift in Sources */ = {isa = PBXBuildFile; fileRef = 3820717F29FC614F0084F06D /* WalletVC.swift */; };
		3820718329FC616F0084F06D /* WalletScreen.swift in Sources */ = {isa = PBXBuildFile; fileRef = 3820718229FC616F0084F06D /* WalletScreen.swift */; };
		3820718629FC67960084F06D /* WalletViewModel.swift in Sources */ = {isa = PBXBuildFile; fileRef = 3820718529FC67960084F06D /* WalletViewModel.swift */; };
		3820718929FC67D30084F06D /* WalletService.swift in Sources */ = {isa = PBXBuildFile; fileRef = 3820718829FC67D30084F06D /* WalletService.swift */; };
		3820718B29FC691F0084F06D /* WalletData.swift in Sources */ = {isa = PBXBuildFile; fileRef = 3820718A29FC691F0084F06D /* WalletData.swift */; };
		3820719029FC9CED0084F06D /* QuotationEthTableViewCell.swift in Sources */ = {isa = PBXBuildFile; fileRef = 3820718F29FC9CED0084F06D /* QuotationEthTableViewCell.swift */; };
		3820719329FC9D030084F06D /* QuotationEthTableVIewCellScreen.swift in Sources */ = {isa = PBXBuildFile; fileRef = 3820719229FC9D030084F06D /* QuotationEthTableVIewCellScreen.swift */; };
		3828B99B29F833250084A874 /* NftDetailVC.swift in Sources */ = {isa = PBXBuildFile; fileRef = 3828B99A29F833250084A874 /* NftDetailVC.swift */; };
		3828B99E29F8333B0084A874 /* NftDetailViewModel.swift in Sources */ = {isa = PBXBuildFile; fileRef = 3828B99D29F8333B0084A874 /* NftDetailViewModel.swift */; };
		3828B9A129F833710084A874 /* NftDetailScreen.swift in Sources */ = {isa = PBXBuildFile; fileRef = 3828B9A029F833710084A874 /* NftDetailScreen.swift */; };
		3828B9A429F8669E0084A874 /* NftImageTableViewCell.swift in Sources */ = {isa = PBXBuildFile; fileRef = 3828B9A329F8669E0084A874 /* NftImageTableViewCell.swift */; };
		3828B9A729F867480084A874 /* NftImageTableViewCellScreen.swift in Sources */ = {isa = PBXBuildFile; fileRef = 3828B9A629F867480084A874 /* NftImageTableViewCellScreen.swift */; };
		3828B9AA29F875BA0084A874 /* NftDescriptionTableViewCell.swift in Sources */ = {isa = PBXBuildFile; fileRef = 3828B9A929F875BA0084A874 /* NftDescriptionTableViewCell.swift */; };
		3828B9AD29F8765B0084A874 /* NftDescriptionTableViewCellScreen.swift in Sources */ = {isa = PBXBuildFile; fileRef = 3828B9AC29F8765B0084A874 /* NftDescriptionTableViewCellScreen.swift */; };
		3828B9B029F9E14A0084A874 /* LastestDealTableViewCell.swift in Sources */ = {isa = PBXBuildFile; fileRef = 3828B9AF29F9E14A0084A874 /* LastestDealTableViewCell.swift */; };
		3828B9B329F9E16D0084A874 /* LastestDealTableViewCellScreen.swift in Sources */ = {isa = PBXBuildFile; fileRef = 3828B9B229F9E16D0084A874 /* LastestDealTableViewCellScreen.swift */; };
		3828B9B629F9E9130084A874 /* LastestDealTableViewCellViewModel.swift in Sources */ = {isa = PBXBuildFile; fileRef = 3828B9B529F9E9130084A874 /* LastestDealTableViewCellViewModel.swift */; };
		3832F5A029F0835900A8AA18 /* Alert.swift in Sources */ = {isa = PBXBuildFile; fileRef = 3832F59F29F0835900A8AA18 /* Alert.swift */; };
		3832F5A329F089CB00A8AA18 /* TabBarVC.swift in Sources */ = {isa = PBXBuildFile; fileRef = 3832F5A229F089CB00A8AA18 /* TabBarVC.swift */; };
		3832F5A729F08AB300A8AA18 /* HomeVC.swift in Sources */ = {isa = PBXBuildFile; fileRef = 3832F5A629F08AB300A8AA18 /* HomeVC.swift */; };
		3832F5AA29F08DB900A8AA18 /* HomeScreen.swift in Sources */ = {isa = PBXBuildFile; fileRef = 3832F5A929F08DB900A8AA18 /* HomeScreen.swift */; };
		384022492A01A03700F0DA30 /* LatestTransactionsTableViewCell.swift in Sources */ = {isa = PBXBuildFile; fileRef = 384022482A01A03700F0DA30 /* LatestTransactionsTableViewCell.swift */; };
		3840224C2A01A06D00F0DA30 /* LatestTransactionsTableViewCellScreen.swift in Sources */ = {isa = PBXBuildFile; fileRef = 3840224B2A01A06D00F0DA30 /* LatestTransactionsTableViewCellScreen.swift */; };
		3840224F2A01E74700F0DA30 /* LatestTransactionsTableViewCellViewModel.swift in Sources */ = {isa = PBXBuildFile; fileRef = 3840224E2A01E74700F0DA30 /* LatestTransactionsTableViewCellViewModel.swift */; };
		384022522A01E91000F0DA30 /* ListOfTransactionTableViewCell.swift in Sources */ = {isa = PBXBuildFile; fileRef = 384022512A01E91000F0DA30 /* ListOfTransactionTableViewCell.swift */; };
		384022552A01E92B00F0DA30 /* ListOfTransactionTableViewCellScreen.swift in Sources */ = {isa = PBXBuildFile; fileRef = 384022542A01E92B00F0DA30 /* ListOfTransactionTableViewCellScreen.swift */; };
		3855B48629E788F700CA6768 /* UIViewController+Extension.swift in Sources */ = {isa = PBXBuildFile; fileRef = 3855B48529E788F700CA6768 /* UIViewController+Extension.swift */; };
		38A25BB429E78278006E3D7F /* GoogleService-Info.plist in Resources */ = {isa = PBXBuildFile; fileRef = 38A25BB329E78278006E3D7F /* GoogleService-Info.plist */; };
		38CC533429F1EB30000F0EEA /* HomeViewModel.swift in Sources */ = {isa = PBXBuildFile; fileRef = 38CC533329F1EB30000F0EEA /* HomeViewModel.swift */; };
		38CC533929F1EBC8000F0EEA /* HomeService.swift in Sources */ = {isa = PBXBuildFile; fileRef = 38CC533829F1EBC8000F0EEA /* HomeService.swift */; };
		38CC533B29F1EC0C000F0EEA /* GenericService.swift in Sources */ = {isa = PBXBuildFile; fileRef = 38CC533A29F1EC0C000F0EEA /* GenericService.swift */; };
		38CC533F29F1EDF4000F0EEA /* HomeData.json in Resources */ = {isa = PBXBuildFile; fileRef = 38CC533D29F1EDF2000F0EEA /* HomeData.json */; };
		38CC534029F1EDF4000F0EEA /* WalletData.json in Resources */ = {isa = PBXBuildFile; fileRef = 38CC533E29F1EDF4000F0EEA /* WalletData.json */; };
		38CC534329F1EED2000F0EEA /* NFTData.swift in Sources */ = {isa = PBXBuildFile; fileRef = 38CC534229F1EED2000F0EEA /* NFTData.swift */; };
		38CC534729F447D5000F0EEA /* NftFilterCollectionViewCell.swift in Sources */ = {isa = PBXBuildFile; fileRef = 38CC534629F447D5000F0EEA /* NftFilterCollectionViewCell.swift */; };
		38CC534A29F44815000F0EEA /* NftFilterCollectionViewCellScreen.swift in Sources */ = {isa = PBXBuildFile; fileRef = 38CC534929F44815000F0EEA /* NftFilterCollectionViewCellScreen.swift */; };
		38CC534D29F45BE3000F0EEA /* NftTableViewCell.swift in Sources */ = {isa = PBXBuildFile; fileRef = 38CC534C29F45BE3000F0EEA /* NftTableViewCell.swift */; };
		38CC535129F45C68000F0EEA /* NftTableViewCellScreen.swift in Sources */ = {isa = PBXBuildFile; fileRef = 38CC535029F45C68000F0EEA /* NftTableViewCellScreen.swift */; };
/* End PBXBuildFile section */

/* Begin PBXFileReference section */
		3808775929C8C3ED007C60F8 /* appNFT.app */ = {isa = PBXFileReference; explicitFileType = wrapper.application; includeInIndex = 0; path = appNFT.app; sourceTree = BUILT_PRODUCTS_DIR; };
		3808775C29C8C3ED007C60F8 /* AppDelegate.swift */ = {isa = PBXFileReference; lastKnownFileType = sourcecode.swift; path = AppDelegate.swift; sourceTree = "<group>"; };
		3808775E29C8C3ED007C60F8 /* SceneDelegate.swift */ = {isa = PBXFileReference; lastKnownFileType = sourcecode.swift; path = SceneDelegate.swift; sourceTree = "<group>"; };
		3808776029C8C3ED007C60F8 /* LoginVC.swift */ = {isa = PBXFileReference; lastKnownFileType = sourcecode.swift; path = LoginVC.swift; sourceTree = "<group>"; };
		3808776529C8C3EE007C60F8 /* Assets.xcassets */ = {isa = PBXFileReference; lastKnownFileType = folder.assetcatalog; path = Assets.xcassets; sourceTree = "<group>"; };
		3808776829C8C3EE007C60F8 /* Base */ = {isa = PBXFileReference; lastKnownFileType = file.storyboard; name = Base; path = Base.lproj/LaunchScreen.storyboard; sourceTree = "<group>"; };
		3808776A29C8C3EE007C60F8 /* Info.plist */ = {isa = PBXFileReference; lastKnownFileType = text.plist.xml; path = Info.plist; sourceTree = "<group>"; };
		3808777229C8C549007C60F8 /* LoginScreen.swift */ = {isa = PBXFileReference; lastKnownFileType = sourcecode.swift; path = LoginScreen.swift; sourceTree = "<group>"; };
		380AEF5E29EDDA00009EEA58 /* String+Extension.swift */ = {isa = PBXFileReference; lastKnownFileType = sourcecode.swift; path = "String+Extension.swift"; sourceTree = "<group>"; };
		380D987129FAD0CA00672C80 /* ListOffersTableViewCell.swift */ = {isa = PBXFileReference; lastKnownFileType = sourcecode.swift; path = ListOffersTableViewCell.swift; sourceTree = "<group>"; };
		380D987529FAD12800672C80 /* ListOffersTableViewCellScreen.swift */ = {isa = PBXFileReference; lastKnownFileType = sourcecode.swift; path = ListOffersTableViewCellScreen.swift; sourceTree = "<group>"; };
		380D987729FADBC300672C80 /* UIView+Extension.swift */ = {isa = PBXFileReference; fileEncoding = 4; lastKnownFileType = sourcecode.swift; path = "UIView+Extension.swift"; sourceTree = "<group>"; };
		380D987929FADF7500672C80 /* CACornerMask+Extension.swift */ = {isa = PBXFileReference; fileEncoding = 4; lastKnownFileType = sourcecode.swift; path = "CACornerMask+Extension.swift"; sourceTree = "<group>"; };
		380D987C29FB00DE00672C80 /* MagnifyingGlassVC.swift */ = {isa = PBXFileReference; lastKnownFileType = sourcecode.swift; path = MagnifyingGlassVC.swift; sourceTree = "<group>"; };
		380D987F29FB00F200672C80 /* MagnifyingGlassScreen.swift */ = {isa = PBXFileReference; lastKnownFileType = sourcecode.swift; path = MagnifyingGlassScreen.swift; sourceTree = "<group>"; };
		3820717F29FC614F0084F06D /* WalletVC.swift */ = {isa = PBXFileReference; lastKnownFileType = sourcecode.swift; path = WalletVC.swift; sourceTree = "<group>"; };
		3820718229FC616F0084F06D /* WalletScreen.swift */ = {isa = PBXFileReference; lastKnownFileType = sourcecode.swift; path = WalletScreen.swift; sourceTree = "<group>"; };
		3820718529FC67960084F06D /* WalletViewModel.swift */ = {isa = PBXFileReference; lastKnownFileType = sourcecode.swift; path = WalletViewModel.swift; sourceTree = "<group>"; };
		3820718829FC67D30084F06D /* WalletService.swift */ = {isa = PBXFileReference; lastKnownFileType = sourcecode.swift; path = WalletService.swift; sourceTree = "<group>"; };
		3820718A29FC691F0084F06D /* WalletData.swift */ = {isa = PBXFileReference; lastKnownFileType = sourcecode.swift; path = WalletData.swift; sourceTree = "<group>"; };
		3820718F29FC9CED0084F06D /* QuotationEthTableViewCell.swift */ = {isa = PBXFileReference; lastKnownFileType = sourcecode.swift; path = QuotationEthTableViewCell.swift; sourceTree = "<group>"; };
		3820719229FC9D030084F06D /* QuotationEthTableVIewCellScreen.swift */ = {isa = PBXFileReference; lastKnownFileType = sourcecode.swift; path = QuotationEthTableVIewCellScreen.swift; sourceTree = "<group>"; };
		3828B99A29F833250084A874 /* NftDetailVC.swift */ = {isa = PBXFileReference; lastKnownFileType = sourcecode.swift; path = NftDetailVC.swift; sourceTree = "<group>"; };
		3828B99D29F8333B0084A874 /* NftDetailViewModel.swift */ = {isa = PBXFileReference; lastKnownFileType = sourcecode.swift; path = NftDetailViewModel.swift; sourceTree = "<group>"; };
		3828B9A029F833710084A874 /* NftDetailScreen.swift */ = {isa = PBXFileReference; lastKnownFileType = sourcecode.swift; path = NftDetailScreen.swift; sourceTree = "<group>"; };
		3828B9A329F8669E0084A874 /* NftImageTableViewCell.swift */ = {isa = PBXFileReference; lastKnownFileType = sourcecode.swift; path = NftImageTableViewCell.swift; sourceTree = "<group>"; };
		3828B9A629F867480084A874 /* NftImageTableViewCellScreen.swift */ = {isa = PBXFileReference; lastKnownFileType = sourcecode.swift; path = NftImageTableViewCellScreen.swift; sourceTree = "<group>"; };
		3828B9A929F875BA0084A874 /* NftDescriptionTableViewCell.swift */ = {isa = PBXFileReference; lastKnownFileType = sourcecode.swift; path = NftDescriptionTableViewCell.swift; sourceTree = "<group>"; };
		3828B9AC29F8765B0084A874 /* NftDescriptionTableViewCellScreen.swift */ = {isa = PBXFileReference; lastKnownFileType = sourcecode.swift; path = NftDescriptionTableViewCellScreen.swift; sourceTree = "<group>"; };
		3828B9AF29F9E14A0084A874 /* LastestDealTableViewCell.swift */ = {isa = PBXFileReference; lastKnownFileType = sourcecode.swift; path = LastestDealTableViewCell.swift; sourceTree = "<group>"; };
		3828B9B229F9E16D0084A874 /* LastestDealTableViewCellScreen.swift */ = {isa = PBXFileReference; lastKnownFileType = sourcecode.swift; path = LastestDealTableViewCellScreen.swift; sourceTree = "<group>"; };
		3828B9B529F9E9130084A874 /* LastestDealTableViewCellViewModel.swift */ = {isa = PBXFileReference; lastKnownFileType = sourcecode.swift; path = LastestDealTableViewCellViewModel.swift; sourceTree = "<group>"; };
		3832F59F29F0835900A8AA18 /* Alert.swift */ = {isa = PBXFileReference; lastKnownFileType = sourcecode.swift; path = Alert.swift; sourceTree = "<group>"; };
		3832F5A229F089CB00A8AA18 /* TabBarVC.swift */ = {isa = PBXFileReference; lastKnownFileType = sourcecode.swift; path = TabBarVC.swift; sourceTree = "<group>"; };
		3832F5A629F08AB300A8AA18 /* HomeVC.swift */ = {isa = PBXFileReference; lastKnownFileType = sourcecode.swift; path = HomeVC.swift; sourceTree = "<group>"; };
		3832F5A929F08DB900A8AA18 /* HomeScreen.swift */ = {isa = PBXFileReference; lastKnownFileType = sourcecode.swift; path = HomeScreen.swift; sourceTree = "<group>"; };
		384022482A01A03700F0DA30 /* LatestTransactionsTableViewCell.swift */ = {isa = PBXFileReference; lastKnownFileType = sourcecode.swift; path = LatestTransactionsTableViewCell.swift; sourceTree = "<group>"; };
		3840224B2A01A06D00F0DA30 /* LatestTransactionsTableViewCellScreen.swift */ = {isa = PBXFileReference; lastKnownFileType = sourcecode.swift; path = LatestTransactionsTableViewCellScreen.swift; sourceTree = "<group>"; };
		3840224E2A01E74700F0DA30 /* LatestTransactionsTableViewCellViewModel.swift */ = {isa = PBXFileReference; lastKnownFileType = sourcecode.swift; path = LatestTransactionsTableViewCellViewModel.swift; sourceTree = "<group>"; };
		384022512A01E91000F0DA30 /* ListOfTransactionTableViewCell.swift */ = {isa = PBXFileReference; lastKnownFileType = sourcecode.swift; path = ListOfTransactionTableViewCell.swift; sourceTree = "<group>"; };
		384022542A01E92B00F0DA30 /* ListOfTransactionTableViewCellScreen.swift */ = {isa = PBXFileReference; lastKnownFileType = sourcecode.swift; path = ListOfTransactionTableViewCellScreen.swift; sourceTree = "<group>"; };
		3855B48529E788F700CA6768 /* UIViewController+Extension.swift */ = {isa = PBXFileReference; lastKnownFileType = sourcecode.swift; path = "UIViewController+Extension.swift"; sourceTree = "<group>"; };
		38A25BB329E78278006E3D7F /* GoogleService-Info.plist */ = {isa = PBXFileReference; fileEncoding = 4; lastKnownFileType = text.plist.xml; path = "GoogleService-Info.plist"; sourceTree = "<group>"; };
		38CC533329F1EB30000F0EEA /* HomeViewModel.swift */ = {isa = PBXFileReference; lastKnownFileType = sourcecode.swift; path = HomeViewModel.swift; sourceTree = "<group>"; };
		38CC533829F1EBC8000F0EEA /* HomeService.swift */ = {isa = PBXFileReference; lastKnownFileType = sourcecode.swift; path = HomeService.swift; sourceTree = "<group>"; };
		38CC533A29F1EC0C000F0EEA /* GenericService.swift */ = {isa = PBXFileReference; lastKnownFileType = sourcecode.swift; path = GenericService.swift; sourceTree = "<group>"; };
		38CC533D29F1EDF2000F0EEA /* HomeData.json */ = {isa = PBXFileReference; fileEncoding = 4; lastKnownFileType = text.json; path = HomeData.json; sourceTree = "<group>"; };
		38CC533E29F1EDF4000F0EEA /* WalletData.json */ = {isa = PBXFileReference; fileEncoding = 4; lastKnownFileType = text.json; path = WalletData.json; sourceTree = "<group>"; };
		38CC534229F1EED2000F0EEA /* NFTData.swift */ = {isa = PBXFileReference; lastKnownFileType = sourcecode.swift; path = NFTData.swift; sourceTree = "<group>"; };
		38CC534629F447D5000F0EEA /* NftFilterCollectionViewCell.swift */ = {isa = PBXFileReference; lastKnownFileType = sourcecode.swift; path = NftFilterCollectionViewCell.swift; sourceTree = "<group>"; };
		38CC534929F44815000F0EEA /* NftFilterCollectionViewCellScreen.swift */ = {isa = PBXFileReference; lastKnownFileType = sourcecode.swift; path = NftFilterCollectionViewCellScreen.swift; sourceTree = "<group>"; };
		38CC534C29F45BE3000F0EEA /* NftTableViewCell.swift */ = {isa = PBXFileReference; lastKnownFileType = sourcecode.swift; path = NftTableViewCell.swift; sourceTree = "<group>"; };
		38CC535029F45C68000F0EEA /* NftTableViewCellScreen.swift */ = {isa = PBXFileReference; lastKnownFileType = sourcecode.swift; path = NftTableViewCellScreen.swift; sourceTree = "<group>"; };
		395A4814039328AD116E04BF /* Pods_appNFT.framework */ = {isa = PBXFileReference; explicitFileType = wrapper.framework; includeInIndex = 0; path = Pods_appNFT.framework; sourceTree = BUILT_PRODUCTS_DIR; };
		D33EFDB601331DB8E99236D1 /* Pods-appNFT.debug.xcconfig */ = {isa = PBXFileReference; includeInIndex = 1; lastKnownFileType = text.xcconfig; name = "Pods-appNFT.debug.xcconfig"; path = "Target Support Files/Pods-appNFT/Pods-appNFT.debug.xcconfig"; sourceTree = "<group>"; };
		EDCFF4026630A3CF8191F858 /* Pods-appNFT.release.xcconfig */ = {isa = PBXFileReference; includeInIndex = 1; lastKnownFileType = text.xcconfig; name = "Pods-appNFT.release.xcconfig"; path = "Target Support Files/Pods-appNFT/Pods-appNFT.release.xcconfig"; sourceTree = "<group>"; };
/* End PBXFileReference section */

/* Begin PBXFrameworksBuildPhase section */
		3808775629C8C3ED007C60F8 /* Frameworks */ = {
			isa = PBXFrameworksBuildPhase;
			buildActionMask = 2147483647;
			files = (
				380C90ADFBFC54AC26A95A8B /* Pods_appNFT.framework in Frameworks */,
			);
			runOnlyForDeploymentPostprocessing = 0;
		};
/* End PBXFrameworksBuildPhase section */

/* Begin PBXGroup section */
		35B2CD0BCD2A5CDC9C7D92C5 /* Pods */ = {
			isa = PBXGroup;
			children = (
				D33EFDB601331DB8E99236D1 /* Pods-appNFT.debug.xcconfig */,
				EDCFF4026630A3CF8191F858 /* Pods-appNFT.release.xcconfig */,
			);
			path = Pods;
			sourceTree = "<group>";
		};
		3808775029C8C3ED007C60F8 = {
			isa = PBXGroup;
			children = (
				3808775B29C8C3ED007C60F8 /* appNFT */,
				3808775A29C8C3ED007C60F8 /* Products */,
				35B2CD0BCD2A5CDC9C7D92C5 /* Pods */,
				B4C200E151504B5D5CCF2456 /* Frameworks */,
			);
			sourceTree = "<group>";
		};
		3808775A29C8C3ED007C60F8 /* Products */ = {
			isa = PBXGroup;
			children = (
				3808775929C8C3ED007C60F8 /* appNFT.app */,
			);
			name = Products;
			sourceTree = "<group>";
		};
		3808775B29C8C3ED007C60F8 /* appNFT */ = {
			isa = PBXGroup;
			children = (
				3808775C29C8C3ED007C60F8 /* AppDelegate.swift */,
				3808775E29C8C3ED007C60F8 /* SceneDelegate.swift */,
				3808777029C8C4DE007C60F8 /* src  */,
				3808776529C8C3EE007C60F8 /* Assets.xcassets */,
				3808776729C8C3EE007C60F8 /* LaunchScreen.storyboard */,
				3808776A29C8C3EE007C60F8 /* Info.plist */,
				38A25BB329E78278006E3D7F /* GoogleService-Info.plist */,
			);
			path = appNFT;
			sourceTree = "<group>";
		};
		3808777029C8C4DE007C60F8 /* src  */ = {
			isa = PBXGroup;
			children = (
				38CC534129F1EEC4000F0EEA /* Model */,
				38CC533C29F1EDB6000F0EEA /* Json */,
				38CC533629F1EB99000F0EEA /* Service */,
				3855B48329E788CA00CA6768 /* Utils */,
				3832F59E29F0834400A8AA18 /* Alert */,
				3832F5A429F08A0A00A8AA18 /* Feature */,
				3832F5A129F0898400A8AA18 /* TabbarController */,
			);
			path = "src ";
			sourceTree = "<group>";
		};
		3808777129C8C52E007C60F8 /* Login */ = {
			isa = PBXGroup;
			children = (
				3808776029C8C3ED007C60F8 /* LoginVC.swift */,
				3808777229C8C549007C60F8 /* LoginScreen.swift */,
			);
			path = Login;
			sourceTree = "<group>";
		};
		380D987029FAD09E00672C80 /* ListOffersTableViewCell */ = {
			isa = PBXGroup;
			children = (
				380D987429FAD11B00672C80 /* Screen */,
				380D987129FAD0CA00672C80 /* ListOffersTableViewCell.swift */,
			);
			path = ListOffersTableViewCell;
			sourceTree = "<group>";
		};
		380D987429FAD11B00672C80 /* Screen */ = {
			isa = PBXGroup;
			children = (
				380D987529FAD12800672C80 /* ListOffersTableViewCellScreen.swift */,
			);
			path = Screen;
			sourceTree = "<group>";
		};
		380D987B29FB00A500672C80 /* MagnifyingGlass */ = {
			isa = PBXGroup;
			children = (
				380D987E29FB00E100672C80 /* Screen */,
				380D987C29FB00DE00672C80 /* MagnifyingGlassVC.swift */,
			);
			path = MagnifyingGlass;
			sourceTree = "<group>";
		};
		380D987E29FB00E100672C80 /* Screen */ = {
			isa = PBXGroup;
			children = (
				380D987F29FB00F200672C80 /* MagnifyingGlassScreen.swift */,
			);
			path = Screen;
			sourceTree = "<group>";
		};
		3820717E29FC611E0084F06D /* Wallet */ = {
			isa = PBXGroup;
			children = (
				3820718429FC67700084F06D /* ViewModel */,
				3820718129FC61580084F06D /* Screen */,
				3820717F29FC614F0084F06D /* WalletVC.swift */,
			);
			path = Wallet;
			sourceTree = "<group>";
		};
		3820718129FC61580084F06D /* Screen */ = {
			isa = PBXGroup;
			children = (
				3820718229FC616F0084F06D /* WalletScreen.swift */,
			);
			path = Screen;
			sourceTree = "<group>";
		};
		3820718429FC67700084F06D /* ViewModel */ = {
			isa = PBXGroup;
			children = (
				3820718529FC67960084F06D /* WalletViewModel.swift */,
			);
			path = ViewModel;
			sourceTree = "<group>";
		};
		3820718729FC67B30084F06D /* WalletService */ = {
			isa = PBXGroup;
			children = (
				3820718829FC67D30084F06D /* WalletService.swift */,
			);
			path = WalletService;
			sourceTree = "<group>";
		};
		3820718E29FC9CBB0084F06D /* QuotationEthTableVIewCell */ = {
			isa = PBXGroup;
			children = (
				3820719129FC9CF30084F06D /* Screen */,
				3820718F29FC9CED0084F06D /* QuotationEthTableViewCell.swift */,
			);
			path = QuotationEthTableVIewCell;
			sourceTree = "<group>";
		};
		3820719129FC9CF30084F06D /* Screen */ = {
			isa = PBXGroup;
			children = (
				3820719229FC9D030084F06D /* QuotationEthTableVIewCellScreen.swift */,
			);
			path = Screen;
			sourceTree = "<group>";
		};
		3828B99929F833060084A874 /* NftDetail */ = {
			isa = PBXGroup;
			children = (
				3828B99C29F833290084A874 /* ViewModel */,
				3828B99F29F833420084A874 /* Screen */,
				3828B99A29F833250084A874 /* NftDetailVC.swift */,
			);
			path = NftDetail;
			sourceTree = "<group>";
		};
		3828B99C29F833290084A874 /* ViewModel */ = {
			isa = PBXGroup;
			children = (
				3828B99D29F8333B0084A874 /* NftDetailViewModel.swift */,
			);
			path = ViewModel;
			sourceTree = "<group>";
		};
		3828B99F29F833420084A874 /* Screen */ = {
			isa = PBXGroup;
			children = (
				3828B9A029F833710084A874 /* NftDetailScreen.swift */,
			);
			path = Screen;
			sourceTree = "<group>";
		};
		3828B9A229F866600084A874 /* NftImageTableViewCell */ = {
			isa = PBXGroup;
			children = (
				3828B9A529F867380084A874 /* Screen */,
				3828B9A329F8669E0084A874 /* NftImageTableViewCell.swift */,
			);
			path = NftImageTableViewCell;
			sourceTree = "<group>";
		};
		3828B9A529F867380084A874 /* Screen */ = {
			isa = PBXGroup;
			children = (
				3828B9A629F867480084A874 /* NftImageTableViewCellScreen.swift */,
			);
			path = Screen;
			sourceTree = "<group>";
		};
		3828B9A829F8759A0084A874 /* NftDescriptionTableViewCell */ = {
			isa = PBXGroup;
			children = (
				3828B9AB29F8763B0084A874 /* Screen */,
				3828B9A929F875BA0084A874 /* NftDescriptionTableViewCell.swift */,
			);
			path = NftDescriptionTableViewCell;
			sourceTree = "<group>";
		};
		3828B9AB29F8763B0084A874 /* Screen */ = {
			isa = PBXGroup;
			children = (
				3828B9AC29F8765B0084A874 /* NftDescriptionTableViewCellScreen.swift */,
			);
			path = Screen;
			sourceTree = "<group>";
		};
		3828B9AE29F9E0F90084A874 /* LastestDealTableViewCell */ = {
			isa = PBXGroup;
			children = (
				3828B9B429F9E8E90084A874 /* LastestDealTableViewCellViewModel */,
				3828B9B129F9E15D0084A874 /* Screen */,
				3828B9AF29F9E14A0084A874 /* LastestDealTableViewCell.swift */,
			);
			path = LastestDealTableViewCell;
			sourceTree = "<group>";
		};
		3828B9B129F9E15D0084A874 /* Screen */ = {
			isa = PBXGroup;
			children = (
				3828B9B229F9E16D0084A874 /* LastestDealTableViewCellScreen.swift */,
			);
			path = Screen;
			sourceTree = "<group>";
		};
		3828B9B429F9E8E90084A874 /* LastestDealTableViewCellViewModel */ = {
			isa = PBXGroup;
			children = (
				3828B9B529F9E9130084A874 /* LastestDealTableViewCellViewModel.swift */,
			);
			path = LastestDealTableViewCellViewModel;
			sourceTree = "<group>";
		};
		3832F59E29F0834400A8AA18 /* Alert */ = {
			isa = PBXGroup;
			children = (
				3832F59F29F0835900A8AA18 /* Alert.swift */,
			);
			path = Alert;
			sourceTree = "<group>";
		};
		3832F5A129F0898400A8AA18 /* TabbarController */ = {
			isa = PBXGroup;
			children = (
				3832F5A229F089CB00A8AA18 /* TabBarVC.swift */,
			);
			path = TabbarController;
			sourceTree = "<group>";
		};
		3832F5A429F08A0A00A8AA18 /* Feature */ = {
			isa = PBXGroup;
			children = (
				3820717E29FC611E0084F06D /* Wallet */,
				380D987B29FB00A500672C80 /* MagnifyingGlass */,
				38CC534429F4479A000F0EEA /* Cells */,
				3828B99929F833060084A874 /* NftDetail */,
				3832F5A529F08A4600A8AA18 /* Home */,
				3808777129C8C52E007C60F8 /* Login */,
			);
			path = Feature;
			sourceTree = "<group>";
		};
		3832F5A529F08A4600A8AA18 /* Home */ = {
			isa = PBXGroup;
			children = (
				38CC533229F1EB01000F0EEA /* ViewModel */,
				38CC533529F1EB77000F0EEA /* HomeVC */,
				3832F5A829F08DA800A8AA18 /* Screen */,
			);
			path = Home;
			sourceTree = "<group>";
		};
		3832F5A829F08DA800A8AA18 /* Screen */ = {
			isa = PBXGroup;
			children = (
				3832F5A929F08DB900A8AA18 /* HomeScreen.swift */,
			);
			path = Screen;
			sourceTree = "<group>";
		};
		384022472A019FE500F0DA30 /* LatestTransactionsTableViewCell */ = {
			isa = PBXGroup;
			children = (
				3840224D2A01E72300F0DA30 /* ViewModel */,
				3840224A2A01A04500F0DA30 /* Screen */,
				384022482A01A03700F0DA30 /* LatestTransactionsTableViewCell.swift */,
			);
			path = LatestTransactionsTableViewCell;
			sourceTree = "<group>";
		};
		3840224A2A01A04500F0DA30 /* Screen */ = {
			isa = PBXGroup;
			children = (
				3840224B2A01A06D00F0DA30 /* LatestTransactionsTableViewCellScreen.swift */,
			);
			path = Screen;
			sourceTree = "<group>";
		};
		3840224D2A01E72300F0DA30 /* ViewModel */ = {
			isa = PBXGroup;
			children = (
				3840224E2A01E74700F0DA30 /* LatestTransactionsTableViewCellViewModel.swift */,
			);
			path = ViewModel;
			sourceTree = "<group>";
		};
		384022502A01E8E800F0DA30 /* ListOfTransactionTableViewCell */ = {
			isa = PBXGroup;
			children = (
				384022532A01E91800F0DA30 /* Screen */,
				384022512A01E91000F0DA30 /* ListOfTransactionTableViewCell.swift */,
			);
			path = ListOfTransactionTableViewCell;
			sourceTree = "<group>";
		};
		384022532A01E91800F0DA30 /* Screen */ = {
			isa = PBXGroup;
			children = (
				384022542A01E92B00F0DA30 /* ListOfTransactionTableViewCellScreen.swift */,
			);
			path = Screen;
			sourceTree = "<group>";
		};
		3855B48329E788CA00CA6768 /* Utils */ = {
			isa = PBXGroup;
			children = (
				3855B48429E788CF00CA6768 /* Extension */,
			);
			path = Utils;
			sourceTree = "<group>";
		};
		3855B48429E788CF00CA6768 /* Extension */ = {
			isa = PBXGroup;
			children = (
				380D987929FADF7500672C80 /* CACornerMask+Extension.swift */,
				3855B48529E788F700CA6768 /* UIViewController+Extension.swift */,
				380AEF5E29EDDA00009EEA58 /* String+Extension.swift */,
				380D987729FADBC300672C80 /* UIView+Extension.swift */,
			);
			path = Extension;
			sourceTree = "<group>";
		};
		38CC533229F1EB01000F0EEA /* ViewModel */ = {
			isa = PBXGroup;
			children = (
				38CC533329F1EB30000F0EEA /* HomeViewModel.swift */,
			);
			path = ViewModel;
			sourceTree = "<group>";
		};
		38CC533529F1EB77000F0EEA /* HomeVC */ = {
			isa = PBXGroup;
			children = (
				3832F5A629F08AB300A8AA18 /* HomeVC.swift */,
			);
			path = HomeVC;
			sourceTree = "<group>";
		};
		38CC533629F1EB99000F0EEA /* Service */ = {
			isa = PBXGroup;
			children = (
				38CC533A29F1EC0C000F0EEA /* GenericService.swift */,
				38CC533729F1EBB3000F0EEA /* HomeService */,
			);
			path = Service;
			sourceTree = "<group>";
		};
		38CC533729F1EBB3000F0EEA /* HomeService */ = {
			isa = PBXGroup;
			children = (
				3820718729FC67B30084F06D /* WalletService */,
				38CC533829F1EBC8000F0EEA /* HomeService.swift */,
			);
			path = HomeService;
			sourceTree = "<group>";
		};
		38CC533C29F1EDB6000F0EEA /* Json */ = {
			isa = PBXGroup;
			children = (
				38CC533D29F1EDF2000F0EEA /* HomeData.json */,
				38CC533E29F1EDF4000F0EEA /* WalletData.json */,
			);
			path = Json;
			sourceTree = "<group>";
		};
		38CC534129F1EEC4000F0EEA /* Model */ = {
			isa = PBXGroup;
			children = (
				38CC534229F1EED2000F0EEA /* NFTData.swift */,
				3820718A29FC691F0084F06D /* WalletData.swift */,
			);
			path = Model;
			sourceTree = "<group>";
		};
		38CC534429F4479A000F0EEA /* Cells */ = {
			isa = PBXGroup;
			children = (
				384022502A01E8E800F0DA30 /* ListOfTransactionTableViewCell */,
				384022472A019FE500F0DA30 /* LatestTransactionsTableViewCell */,
				3820718E29FC9CBB0084F06D /* QuotationEthTableVIewCell */,
				380D987029FAD09E00672C80 /* ListOffersTableViewCell */,
				3828B9AE29F9E0F90084A874 /* LastestDealTableViewCell */,
				3828B9A829F8759A0084A874 /* NftDescriptionTableViewCell */,
				3828B9A229F866600084A874 /* NftImageTableViewCell */,
				38CC534B29F45B9E000F0EEA /* NftTableViewCell */,
				38CC534529F447A2000F0EEA /* NFTFilterCollectionViewCell */,
			);
			path = Cells;
			sourceTree = "<group>";
		};
		38CC534529F447A2000F0EEA /* NFTFilterCollectionViewCell */ = {
			isa = PBXGroup;
			children = (
				38CC534829F447F9000F0EEA /* Screen */,
				38CC534629F447D5000F0EEA /* NftFilterCollectionViewCell.swift */,
			);
			path = NFTFilterCollectionViewCell;
			sourceTree = "<group>";
		};
		38CC534829F447F9000F0EEA /* Screen */ = {
			isa = PBXGroup;
			children = (
				38CC534929F44815000F0EEA /* NftFilterCollectionViewCellScreen.swift */,
			);
			path = Screen;
			sourceTree = "<group>";
		};
		38CC534B29F45B9E000F0EEA /* NftTableViewCell */ = {
			isa = PBXGroup;
			children = (
				38CC534F29F45C53000F0EEA /* Screen */,
				38CC534C29F45BE3000F0EEA /* NftTableViewCell.swift */,
			);
			path = NftTableViewCell;
			sourceTree = "<group>";
		};
		38CC534F29F45C53000F0EEA /* Screen */ = {
			isa = PBXGroup;
			children = (
				38CC535029F45C68000F0EEA /* NftTableViewCellScreen.swift */,
			);
			path = Screen;
			sourceTree = "<group>";
		};
		B4C200E151504B5D5CCF2456 /* Frameworks */ = {
			isa = PBXGroup;
			children = (
				395A4814039328AD116E04BF /* Pods_appNFT.framework */,
			);
			name = Frameworks;
			sourceTree = "<group>";
		};
/* End PBXGroup section */

/* Begin PBXNativeTarget section */
		3808775829C8C3ED007C60F8 /* appNFT */ = {
			isa = PBXNativeTarget;
			buildConfigurationList = 3808776D29C8C3EE007C60F8 /* Build configuration list for PBXNativeTarget "appNFT" */;
			buildPhases = (
				617CCBCD79EBF88B3B3A524E /* [CP] Check Pods Manifest.lock */,
				3808775529C8C3ED007C60F8 /* Sources */,
				3808775629C8C3ED007C60F8 /* Frameworks */,
				3808775729C8C3ED007C60F8 /* Resources */,
				84E6A3AB653BCF408C092EE6 /* [CP] Embed Pods Frameworks */,
			);
			buildRules = (
			);
			dependencies = (
			);
			name = appNFT;
			productName = appNFT;
			productReference = 3808775929C8C3ED007C60F8 /* appNFT.app */;
			productType = "com.apple.product-type.application";
		};
/* End PBXNativeTarget section */

/* Begin PBXProject section */
		3808775129C8C3ED007C60F8 /* Project object */ = {
			isa = PBXProject;
			attributes = {
				BuildIndependentTargetsInParallel = 1;
				LastSwiftUpdateCheck = 1420;
				LastUpgradeCheck = 1420;
				TargetAttributes = {
					3808775829C8C3ED007C60F8 = {
						CreatedOnToolsVersion = 14.2;
					};
				};
			};
			buildConfigurationList = 3808775429C8C3ED007C60F8 /* Build configuration list for PBXProject "appNFT" */;
			compatibilityVersion = "Xcode 14.0";
			developmentRegion = en;
			hasScannedForEncodings = 0;
			knownRegions = (
				en,
				Base,
			);
			mainGroup = 3808775029C8C3ED007C60F8;
			productRefGroup = 3808775A29C8C3ED007C60F8 /* Products */;
			projectDirPath = "";
			projectRoot = "";
			targets = (
				3808775829C8C3ED007C60F8 /* appNFT */,
			);
		};
/* End PBXProject section */

/* Begin PBXResourcesBuildPhase section */
		3808775729C8C3ED007C60F8 /* Resources */ = {
			isa = PBXResourcesBuildPhase;
			buildActionMask = 2147483647;
			files = (
				38CC533F29F1EDF4000F0EEA /* HomeData.json in Resources */,
				38CC534029F1EDF4000F0EEA /* WalletData.json in Resources */,
				3808776929C8C3EE007C60F8 /* LaunchScreen.storyboard in Resources */,
				3808776629C8C3EE007C60F8 /* Assets.xcassets in Resources */,
				38A25BB429E78278006E3D7F /* GoogleService-Info.plist in Resources */,
			);
			runOnlyForDeploymentPostprocessing = 0;
		};
/* End PBXResourcesBuildPhase section */

/* Begin PBXShellScriptBuildPhase section */
		617CCBCD79EBF88B3B3A524E /* [CP] Check Pods Manifest.lock */ = {
			isa = PBXShellScriptBuildPhase;
			buildActionMask = 2147483647;
			files = (
			);
			inputFileListPaths = (
			);
			inputPaths = (
				"${PODS_PODFILE_DIR_PATH}/Podfile.lock",
				"${PODS_ROOT}/Manifest.lock",
			);
			name = "[CP] Check Pods Manifest.lock";
			outputFileListPaths = (
			);
			outputPaths = (
				"$(DERIVED_FILE_DIR)/Pods-appNFT-checkManifestLockResult.txt",
			);
			runOnlyForDeploymentPostprocessing = 0;
			shellPath = /bin/sh;
			shellScript = "diff \"${PODS_PODFILE_DIR_PATH}/Podfile.lock\" \"${PODS_ROOT}/Manifest.lock\" > /dev/null\nif [ $? != 0 ] ; then\n    # print error to STDERR\n    echo \"error: The sandbox is not in sync with the Podfile.lock. Run 'pod install' or update your CocoaPods installation.\" >&2\n    exit 1\nfi\n# This output is used by Xcode 'outputs' to avoid re-running this script phase.\necho \"SUCCESS\" > \"${SCRIPT_OUTPUT_FILE_0}\"\n";
			showEnvVarsInLog = 0;
		};
		84E6A3AB653BCF408C092EE6 /* [CP] Embed Pods Frameworks */ = {
			isa = PBXShellScriptBuildPhase;
			buildActionMask = 2147483647;
			files = (
			);
			inputFileListPaths = (
				"${PODS_ROOT}/Target Support Files/Pods-appNFT/Pods-appNFT-frameworks-${CONFIGURATION}-input-files.xcfilelist",
			);
			name = "[CP] Embed Pods Frameworks";
			outputFileListPaths = (
				"${PODS_ROOT}/Target Support Files/Pods-appNFT/Pods-appNFT-frameworks-${CONFIGURATION}-output-files.xcfilelist",
			);
			runOnlyForDeploymentPostprocessing = 0;
			shellPath = /bin/sh;
			shellScript = "\"${PODS_ROOT}/Target Support Files/Pods-appNFT/Pods-appNFT-frameworks.sh\"\n";
			showEnvVarsInLog = 0;
		};
/* End PBXShellScriptBuildPhase section */

/* Begin PBXSourcesBuildPhase section */
		3808775529C8C3ED007C60F8 /* Sources */ = {
			isa = PBXSourcesBuildPhase;
			buildActionMask = 2147483647;
			files = (
				3820718629FC67960084F06D /* WalletViewModel.swift in Sources */,
				3828B9B329F9E16D0084A874 /* LastestDealTableViewCellScreen.swift in Sources */,
				3820718929FC67D30084F06D /* WalletService.swift in Sources */,
				3808777329C8C549007C60F8 /* LoginScreen.swift in Sources */,
				3828B9A729F867480084A874 /* NftImageTableViewCellScreen.swift in Sources */,
				38CC533429F1EB30000F0EEA /* HomeViewModel.swift in Sources */,
				380D987629FAD12800672C80 /* ListOffersTableViewCellScreen.swift in Sources */,
				3808776129C8C3ED007C60F8 /* LoginVC.swift in Sources */,
				3840224C2A01A06D00F0DA30 /* LatestTransactionsTableViewCellScreen.swift in Sources */,
				3820718329FC616F0084F06D /* WalletScreen.swift in Sources */,
				3840224F2A01E74700F0DA30 /* LatestTransactionsTableViewCellViewModel.swift in Sources */,
				3808775D29C8C3ED007C60F8 /* AppDelegate.swift in Sources */,
				3832F5A729F08AB300A8AA18 /* HomeVC.swift in Sources */,
				3820718B29FC691F0084F06D /* WalletData.swift in Sources */,
				3855B48629E788F700CA6768 /* UIViewController+Extension.swift in Sources */,
				380D988029FB00F200672C80 /* MagnifyingGlassScreen.swift in Sources */,
				38CC534729F447D5000F0EEA /* NftFilterCollectionViewCell.swift in Sources */,
				3828B9AD29F8765B0084A874 /* NftDescriptionTableViewCellScreen.swift in Sources */,
				380D987D29FB00DE00672C80 /* MagnifyingGlassVC.swift in Sources */,
				38CC534A29F44815000F0EEA /* NftFilterCollectionViewCellScreen.swift in Sources */,
				38CC533B29F1EC0C000F0EEA /* GenericService.swift in Sources */,
				38CC533929F1EBC8000F0EEA /* HomeService.swift in Sources */,
				38CC535129F45C68000F0EEA /* NftTableViewCellScreen.swift in Sources */,
				380AEF5F29EDDA00009EEA58 /* String+Extension.swift in Sources */,
				3828B9A429F8669E0084A874 /* NftImageTableViewCell.swift in Sources */,
				3832F5AA29F08DB900A8AA18 /* HomeScreen.swift in Sources */,
				3820719329FC9D030084F06D /* QuotationEthTableVIewCellScreen.swift in Sources */,
				38CC534329F1EED2000F0EEA /* NFTData.swift in Sources */,
				384022522A01E91000F0DA30 /* ListOfTransactionTableViewCell.swift in Sources */,
				3828B99E29F8333B0084A874 /* NftDetailViewModel.swift in Sources */,
				384022492A01A03700F0DA30 /* LatestTransactionsTableViewCell.swift in Sources */,
				3820719029FC9CED0084F06D /* QuotationEthTableViewCell.swift in Sources */,
				3828B9B629F9E9130084A874 /* LastestDealTableViewCellViewModel.swift in Sources */,
				3828B9AA29F875BA0084A874 /* NftDescriptionTableViewCell.swift in Sources */,
				3820718029FC614F0084F06D /* WalletVC.swift in Sources */,
				3828B99B29F833250084A874 /* NftDetailVC.swift in Sources */,
				3808775F29C8C3ED007C60F8 /* SceneDelegate.swift in Sources */,
				380D987A29FADF7500672C80 /* CACornerMask+Extension.swift in Sources */,
				3832F5A329F089CB00A8AA18 /* TabBarVC.swift in Sources */,
				380D987229FAD0CA00672C80 /* ListOffersTableViewCell.swift in Sources */,
				380D987829FADBC300672C80 /* UIView+Extension.swift in Sources */,
				384022552A01E92B00F0DA30 /* ListOfTransactionTableViewCellScreen.swift in Sources */,
				3832F5A029F0835900A8AA18 /* Alert.swift in Sources */,
				38CC534D29F45BE3000F0EEA /* NftTableViewCell.swift in Sources */,
				3828B9B029F9E14A0084A874 /* LastestDealTableViewCell.swift in Sources */,
				3828B9A129F833710084A874 /* NftDetailScreen.swift in Sources */,
			);
			runOnlyForDeploymentPostprocessing = 0;
		};
/* End PBXSourcesBuildPhase section */

/* Begin PBXVariantGroup section */
		3808776729C8C3EE007C60F8 /* LaunchScreen.storyboard */ = {
			isa = PBXVariantGroup;
			children = (
				3808776829C8C3EE007C60F8 /* Base */,
			);
			name = LaunchScreen.storyboard;
			sourceTree = "<group>";
		};
/* End PBXVariantGroup section */

/* Begin XCBuildConfiguration section */
		3808776B29C8C3EE007C60F8 /* Debug */ = {
			isa = XCBuildConfiguration;
			buildSettings = {
				ALWAYS_SEARCH_USER_PATHS = NO;
				CLANG_ANALYZER_NONNULL = YES;
				CLANG_ANALYZER_NUMBER_OBJECT_CONVERSION = YES_AGGRESSIVE;
				CLANG_CXX_LANGUAGE_STANDARD = "gnu++20";
				CLANG_ENABLE_MODULES = YES;
				CLANG_ENABLE_OBJC_ARC = YES;
				CLANG_ENABLE_OBJC_WEAK = YES;
				CLANG_WARN_BLOCK_CAPTURE_AUTORELEASING = YES;
				CLANG_WARN_BOOL_CONVERSION = YES;
				CLANG_WARN_COMMA = YES;
				CLANG_WARN_CONSTANT_CONVERSION = YES;
				CLANG_WARN_DEPRECATED_OBJC_IMPLEMENTATIONS = YES;
				CLANG_WARN_DIRECT_OBJC_ISA_USAGE = YES_ERROR;
				CLANG_WARN_DOCUMENTATION_COMMENTS = YES;
				CLANG_WARN_EMPTY_BODY = YES;
				CLANG_WARN_ENUM_CONVERSION = YES;
				CLANG_WARN_INFINITE_RECURSION = YES;
				CLANG_WARN_INT_CONVERSION = YES;
				CLANG_WARN_NON_LITERAL_NULL_CONVERSION = YES;
				CLANG_WARN_OBJC_IMPLICIT_RETAIN_SELF = YES;
				CLANG_WARN_OBJC_LITERAL_CONVERSION = YES;
				CLANG_WARN_OBJC_ROOT_CLASS = YES_ERROR;
				CLANG_WARN_QUOTED_INCLUDE_IN_FRAMEWORK_HEADER = YES;
				CLANG_WARN_RANGE_LOOP_ANALYSIS = YES;
				CLANG_WARN_STRICT_PROTOTYPES = YES;
				CLANG_WARN_SUSPICIOUS_MOVE = YES;
				CLANG_WARN_UNGUARDED_AVAILABILITY = YES_AGGRESSIVE;
				CLANG_WARN_UNREACHABLE_CODE = YES;
				CLANG_WARN__DUPLICATE_METHOD_MATCH = YES;
				COPY_PHASE_STRIP = NO;
				DEBUG_INFORMATION_FORMAT = dwarf;
				ENABLE_STRICT_OBJC_MSGSEND = YES;
				ENABLE_TESTABILITY = YES;
				GCC_C_LANGUAGE_STANDARD = gnu11;
				GCC_DYNAMIC_NO_PIC = NO;
				GCC_NO_COMMON_BLOCKS = YES;
				GCC_OPTIMIZATION_LEVEL = 0;
				GCC_PREPROCESSOR_DEFINITIONS = (
					"DEBUG=1",
					"$(inherited)",
				);
				GCC_WARN_64_TO_32_BIT_CONVERSION = YES;
				GCC_WARN_ABOUT_RETURN_TYPE = YES_ERROR;
				GCC_WARN_UNDECLARED_SELECTOR = YES;
				GCC_WARN_UNINITIALIZED_AUTOS = YES_AGGRESSIVE;
				GCC_WARN_UNUSED_FUNCTION = YES;
				GCC_WARN_UNUSED_VARIABLE = YES;
				IPHONEOS_DEPLOYMENT_TARGET = 16.2;
				MTL_ENABLE_DEBUG_INFO = INCLUDE_SOURCE;
				MTL_FAST_MATH = YES;
				ONLY_ACTIVE_ARCH = YES;
				SDKROOT = iphoneos;
				SWIFT_ACTIVE_COMPILATION_CONDITIONS = DEBUG;
				SWIFT_OPTIMIZATION_LEVEL = "-Onone";
			};
			name = Debug;
		};
		3808776C29C8C3EE007C60F8 /* Release */ = {
			isa = XCBuildConfiguration;
			buildSettings = {
				ALWAYS_SEARCH_USER_PATHS = NO;
				CLANG_ANALYZER_NONNULL = YES;
				CLANG_ANALYZER_NUMBER_OBJECT_CONVERSION = YES_AGGRESSIVE;
				CLANG_CXX_LANGUAGE_STANDARD = "gnu++20";
				CLANG_ENABLE_MODULES = YES;
				CLANG_ENABLE_OBJC_ARC = YES;
				CLANG_ENABLE_OBJC_WEAK = YES;
				CLANG_WARN_BLOCK_CAPTURE_AUTORELEASING = YES;
				CLANG_WARN_BOOL_CONVERSION = YES;
				CLANG_WARN_COMMA = YES;
				CLANG_WARN_CONSTANT_CONVERSION = YES;
				CLANG_WARN_DEPRECATED_OBJC_IMPLEMENTATIONS = YES;
				CLANG_WARN_DIRECT_OBJC_ISA_USAGE = YES_ERROR;
				CLANG_WARN_DOCUMENTATION_COMMENTS = YES;
				CLANG_WARN_EMPTY_BODY = YES;
				CLANG_WARN_ENUM_CONVERSION = YES;
				CLANG_WARN_INFINITE_RECURSION = YES;
				CLANG_WARN_INT_CONVERSION = YES;
				CLANG_WARN_NON_LITERAL_NULL_CONVERSION = YES;
				CLANG_WARN_OBJC_IMPLICIT_RETAIN_SELF = YES;
				CLANG_WARN_OBJC_LITERAL_CONVERSION = YES;
				CLANG_WARN_OBJC_ROOT_CLASS = YES_ERROR;
				CLANG_WARN_QUOTED_INCLUDE_IN_FRAMEWORK_HEADER = YES;
				CLANG_WARN_RANGE_LOOP_ANALYSIS = YES;
				CLANG_WARN_STRICT_PROTOTYPES = YES;
				CLANG_WARN_SUSPICIOUS_MOVE = YES;
				CLANG_WARN_UNGUARDED_AVAILABILITY = YES_AGGRESSIVE;
				CLANG_WARN_UNREACHABLE_CODE = YES;
				CLANG_WARN__DUPLICATE_METHOD_MATCH = YES;
				COPY_PHASE_STRIP = NO;
				DEBUG_INFORMATION_FORMAT = "dwarf-with-dsym";
				ENABLE_NS_ASSERTIONS = NO;
				ENABLE_STRICT_OBJC_MSGSEND = YES;
				GCC_C_LANGUAGE_STANDARD = gnu11;
				GCC_NO_COMMON_BLOCKS = YES;
				GCC_WARN_64_TO_32_BIT_CONVERSION = YES;
				GCC_WARN_ABOUT_RETURN_TYPE = YES_ERROR;
				GCC_WARN_UNDECLARED_SELECTOR = YES;
				GCC_WARN_UNINITIALIZED_AUTOS = YES_AGGRESSIVE;
				GCC_WARN_UNUSED_FUNCTION = YES;
				GCC_WARN_UNUSED_VARIABLE = YES;
				IPHONEOS_DEPLOYMENT_TARGET = 16.2;
				MTL_ENABLE_DEBUG_INFO = NO;
				MTL_FAST_MATH = YES;
				SDKROOT = iphoneos;
				SWIFT_COMPILATION_MODE = wholemodule;
				SWIFT_OPTIMIZATION_LEVEL = "-O";
				VALIDATE_PRODUCT = YES;
			};
			name = Release;
		};
		3808776E29C8C3EE007C60F8 /* Debug */ = {
			isa = XCBuildConfiguration;
			baseConfigurationReference = D33EFDB601331DB8E99236D1 /* Pods-appNFT.debug.xcconfig */;
			buildSettings = {
				ASSETCATALOG_COMPILER_APPICON_NAME = AppIcon;
				ASSETCATALOG_COMPILER_GLOBAL_ACCENT_COLOR_NAME = AccentColor;
				CODE_SIGN_STYLE = Automatic;
				CURRENT_PROJECT_VERSION = 1;
				DEVELOPMENT_TEAM = B4R97N34U3;
				GENERATE_INFOPLIST_FILE = YES;
				INFOPLIST_FILE = appNFT/Info.plist;
				INFOPLIST_KEY_UIApplicationSupportsIndirectInputEvents = YES;
				INFOPLIST_KEY_UILaunchStoryboardName = LaunchScreen;
				INFOPLIST_KEY_UIMainStoryboardFile = "";
				INFOPLIST_KEY_UISupportedInterfaceOrientations_iPad = "UIInterfaceOrientationPortrait UIInterfaceOrientationPortraitUpsideDown UIInterfaceOrientationLandscapeLeft UIInterfaceOrientationLandscapeRight";
				INFOPLIST_KEY_UISupportedInterfaceOrientations_iPhone = "UIInterfaceOrientationPortrait UIInterfaceOrientationLandscapeLeft UIInterfaceOrientationLandscapeRight";
				IPHONEOS_DEPLOYMENT_TARGET = 13.0;
				LD_RUNPATH_SEARCH_PATHS = (
					"$(inherited)",
					"@executable_path/Frameworks",
				);
				MARKETING_VERSION = 1.0;
				PRODUCT_BUNDLE_IDENTIFIER = com.a1.appNFT;
				PRODUCT_NAME = "$(TARGET_NAME)";
				SUPPORTED_PLATFORMS = "iphoneos iphonesimulator";
				SUPPORTS_MACCATALYST = NO;
				SUPPORTS_MAC_DESIGNED_FOR_IPHONE_IPAD = NO;
				SWIFT_EMIT_LOC_STRINGS = YES;
				SWIFT_VERSION = 5.0;
				TARGETED_DEVICE_FAMILY = 1;
			};
			name = Debug;
		};
		3808776F29C8C3EE007C60F8 /* Release */ = {
			isa = XCBuildConfiguration;
			baseConfigurationReference = EDCFF4026630A3CF8191F858 /* Pods-appNFT.release.xcconfig */;
			buildSettings = {
				ASSETCATALOG_COMPILER_APPICON_NAME = AppIcon;
				ASSETCATALOG_COMPILER_GLOBAL_ACCENT_COLOR_NAME = AccentColor;
				CODE_SIGN_STYLE = Automatic;
				CURRENT_PROJECT_VERSION = 1;
				DEVELOPMENT_TEAM = B4R97N34U3;
				GENERATE_INFOPLIST_FILE = YES;
				INFOPLIST_FILE = appNFT/Info.plist;
				INFOPLIST_KEY_UIApplicationSupportsIndirectInputEvents = YES;
				INFOPLIST_KEY_UILaunchStoryboardName = LaunchScreen;
				INFOPLIST_KEY_UIMainStoryboardFile = "";
				INFOPLIST_KEY_UISupportedInterfaceOrientations_iPad = "UIInterfaceOrientationPortrait UIInterfaceOrientationPortraitUpsideDown UIInterfaceOrientationLandscapeLeft UIInterfaceOrientationLandscapeRight";
				INFOPLIST_KEY_UISupportedInterfaceOrientations_iPhone = "UIInterfaceOrientationPortrait UIInterfaceOrientationLandscapeLeft UIInterfaceOrientationLandscapeRight";
				IPHONEOS_DEPLOYMENT_TARGET = 13.0;
				LD_RUNPATH_SEARCH_PATHS = (
					"$(inherited)",
					"@executable_path/Frameworks",
				);
				MARKETING_VERSION = 1.0;
				PRODUCT_BUNDLE_IDENTIFIER = com.a1.appNFT;
				PRODUCT_NAME = "$(TARGET_NAME)";
				SUPPORTED_PLATFORMS = "iphoneos iphonesimulator";
				SUPPORTS_MACCATALYST = NO;
				SUPPORTS_MAC_DESIGNED_FOR_IPHONE_IPAD = NO;
				SWIFT_EMIT_LOC_STRINGS = YES;
				SWIFT_VERSION = 5.0;
				TARGETED_DEVICE_FAMILY = 1;
			};
			name = Release;
		};
/* End XCBuildConfiguration section */

/* Begin XCConfigurationList section */
		3808775429C8C3ED007C60F8 /* Build configuration list for PBXProject "appNFT" */ = {
			isa = XCConfigurationList;
			buildConfigurations = (
				3808776B29C8C3EE007C60F8 /* Debug */,
				3808776C29C8C3EE007C60F8 /* Release */,
			);
			defaultConfigurationIsVisible = 0;
			defaultConfigurationName = Release;
		};
		3808776D29C8C3EE007C60F8 /* Build configuration list for PBXNativeTarget "appNFT" */ = {
			isa = XCConfigurationList;
			buildConfigurations = (
				3808776E29C8C3EE007C60F8 /* Debug */,
				3808776F29C8C3EE007C60F8 /* Release */,
			);
			defaultConfigurationIsVisible = 0;
			defaultConfigurationName = Release;
		};
/* End XCConfigurationList section */
	};
	rootObject = 3808775129C8C3ED007C60F8 /* Project object */;
}
